// !$*UTF8*$!
{
	archiveVersion = 1;
	classes = {
	};
	objectVersion = 50;
	objects = {

/* Begin PBXBuildFile section */
		BCBACF7B23ECCD3D00B554B1 /* AppDelegate.swift in Sources */ = {isa = PBXBuildFile; fileRef = BCBACF7A23ECCD3D00B554B1 /* AppDelegate.swift */; };
		BCBACF7D23ECCD3D00B554B1 /* SceneDelegate.swift in Sources */ = {isa = PBXBuildFile; fileRef = BCBACF7C23ECCD3D00B554B1 /* SceneDelegate.swift */; };
		BCBACF7F23ECCD3D00B554B1 /* ViewController.swift in Sources */ = {isa = PBXBuildFile; fileRef = BCBACF7E23ECCD3D00B554B1 /* ViewController.swift */; };
		BCBACF8223ECCD3D00B554B1 /* Main.storyboard in Resources */ = {isa = PBXBuildFile; fileRef = BCBACF8023ECCD3D00B554B1 /* Main.storyboard */; };
		BCBACF8423ECCD4100B554B1 /* Assets.xcassets in Resources */ = {isa = PBXBuildFile; fileRef = BCBACF8323ECCD4100B554B1 /* Assets.xcassets */; };
		BCBACF8723ECCD4100B554B1 /* LaunchScreen.storyboard in Resources */ = {isa = PBXBuildFile; fileRef = BCBACF8523ECCD4100B554B1 /* LaunchScreen.storyboard */; };
		BCBACF9223ECCD4100B554B1 /* TicTacToeTests.swift in Sources */ = {isa = PBXBuildFile; fileRef = BCBACF9123ECCD4100B554B1 /* TicTacToeTests.swift */; };
/* End PBXBuildFile section */

/* Begin PBXContainerItemProxy section */
		BCBACF8E23ECCD4100B554B1 /* PBXContainerItemProxy */ = {
			isa = PBXContainerItemProxy;
			containerPortal = BCBACF6F23ECCD3D00B554B1 /* Project object */;
			proxyType = 1;
			remoteGlobalIDString = BCBACF7623ECCD3D00B554B1;
			remoteInfo = TicTacToe;
		};
/* End PBXContainerItemProxy section */

/* Begin PBXFileReference section */
		BCBACF7723ECCD3D00B554B1 /* TicTacToe.app */ = {isa = PBXFileReference; explicitFileType = wrapper.application; includeInIndex = 0; path = TicTacToe.app; sourceTree = BUILT_PRODUCTS_DIR; };
		BCBACF7A23ECCD3D00B554B1 /* AppDelegate.swift */ = {isa = PBXFileReference; lastKnownFileType = sourcecode.swift; path = AppDelegate.swift; sourceTree = "<group>"; };
		BCBACF7C23ECCD3D00B554B1 /* SceneDelegate.swift */ = {isa = PBXFileReference; lastKnownFileType = sourcecode.swift; path = SceneDelegate.swift; sourceTree = "<group>"; };
		BCBACF7E23ECCD3D00B554B1 /* ViewController.swift */ = {isa = PBXFileReference; lastKnownFileType = sourcecode.swift; path = ViewController.swift; sourceTree = "<group>"; };
		BCBACF8123ECCD3D00B554B1 /* Base */ = {isa = PBXFileReference; lastKnownFileType = file.storyboard; name = Base; path = Base.lproj/Main.storyboard; sourceTree = "<group>"; };
		BCBACF8323ECCD4100B554B1 /* Assets.xcassets */ = {isa = PBXFileReference; lastKnownFileType = folder.assetcatalog; path = Assets.xcassets; sourceTree = "<group>"; };
		BCBACF8623ECCD4100B554B1 /* Base */ = {isa = PBXFileReference; lastKnownFileType = file.storyboard; name = Base; path = Base.lproj/LaunchScreen.storyboard; sourceTree = "<group>"; };
		BCBACF8823ECCD4100B554B1 /* Info.plist */ = {isa = PBXFileReference; lastKnownFileType = text.plist.xml; path = Info.plist; sourceTree = "<group>"; };
		BCBACF8D23ECCD4100B554B1 /* TicTacToeTests.xctest */ = {isa = PBXFileReference; explicitFileType = wrapper.cfbundle; includeInIndex = 0; path = TicTacToeTests.xctest; sourceTree = BUILT_PRODUCTS_DIR; };
		BCBACF9123ECCD4100B554B1 /* TicTacToeTests.swift */ = {isa = PBXFileReference; lastKnownFileType = sourcecode.swift; path = TicTacToeTests.swift; sourceTree = "<group>"; };
		BCBACF9323ECCD4100B554B1 /* Info.plist */ = {isa = PBXFileReference; lastKnownFileType = text.plist.xml; path = Info.plist; sourceTree = "<group>"; };
/* End PBXFileReference section */

/* Begin PBXFrameworksBuildPhase section */
		BCBACF7423ECCD3D00B554B1 /* Frameworks */ = {
			isa = PBXFrameworksBuildPhase;
			buildActionMask = 2147483647;
			files = (
			);
			runOnlyForDeploymentPostprocessing = 0;
		};
		BCBACF8A23ECCD4100B554B1 /* Frameworks */ = {
			isa = PBXFrameworksBuildPhase;
			buildActionMask = 2147483647;
			files = (
			);
			runOnlyForDeploymentPostprocessing = 0;
		};
/* End PBXFrameworksBuildPhase section */

/* Begin PBXGroup section */
		BCBACF6E23ECCD3D00B554B1 = {
			isa = PBXGroup;
			children = (
				BCBACF7923ECCD3D00B554B1 /* TicTacToe */,
				BCBACF9023ECCD4100B554B1 /* TicTacToeTests */,
				BCBACF7823ECCD3D00B554B1 /* Products */,
			);
			sourceTree = "<group>";
		};
		BCBACF7823ECCD3D00B554B1 /* Products */ = {
			isa = PBXGroup;
			children = (
				BCBACF7723ECCD3D00B554B1 /* TicTacToe.app */,
				BCBACF8D23ECCD4100B554B1 /* TicTacToeTests.xctest */,
			);
			name = Products;
			sourceTree = "<group>";
		};
		BCBACF7923ECCD3D00B554B1 /* TicTacToe */ = {
			isa = PBXGroup;
			children = (
				BCBACF7A23ECCD3D00B554B1 /* AppDelegate.swift */,
				BCBACF7C23ECCD3D00B554B1 /* SceneDelegate.swift */,
				BCBACF7E23ECCD3D00B554B1 /* ViewController.swift */,
				BCBACF8023ECCD3D00B554B1 /* Main.storyboard */,
				BCBACF8323ECCD4100B554B1 /* Assets.xcassets */,
				BCBACF8523ECCD4100B554B1 /* LaunchScreen.storyboard */,
				BCBACF8823ECCD4100B554B1 /* Info.plist */,
			);
			path = TicTacToe;
			sourceTree = "<group>";
		};
		BCBACF9023ECCD4100B554B1 /* TicTacToeTests */ = {
			isa = PBXGroup;
			children = (
				BCBACF9123ECCD4100B554B1 /* TicTacToeTests.swift */,
				BCBACF9323ECCD4100B554B1 /* Info.plist */,
			);
			path = TicTacToeTests;
			sourceTree = "<group>";
		};
/* End PBXGroup section */

/* Begin PBXNativeTarget section */
		BCBACF7623ECCD3D00B554B1 /* TicTacToe */ = {
			isa = PBXNativeTarget;
			buildConfigurationList = BCBACF9623ECCD4100B554B1 /* Build configuration list for PBXNativeTarget "TicTacToe" */;
			buildPhases = (
				BCBACF7323ECCD3D00B554B1 /* Sources */,
				BCBACF7423ECCD3D00B554B1 /* Frameworks */,
				BCBACF7523ECCD3D00B554B1 /* Resources */,
			);
			buildRules = (
			);
			dependencies = (
			);
			name = TicTacToe;
			productName = TicTacToe;
			productReference = BCBACF7723ECCD3D00B554B1 /* TicTacToe.app */;
			productType = "com.apple.product-type.application";
		};
		BCBACF8C23ECCD4100B554B1 /* TicTacToeTests */ = {
			isa = PBXNativeTarget;
			buildConfigurationList = BCBACF9923ECCD4100B554B1 /* Build configuration list for PBXNativeTarget "TicTacToeTests" */;
			buildPhases = (
				BCBACF8923ECCD4100B554B1 /* Sources */,
				BCBACF8A23ECCD4100B554B1 /* Frameworks */,
				BCBACF8B23ECCD4100B554B1 /* Resources */,
			);
			buildRules = (
			);
			dependencies = (
				BCBACF8F23ECCD4100B554B1 /* PBXTargetDependency */,
			);
			name = TicTacToeTests;
			productName = TicTacToeTests;
			productReference = BCBACF8D23ECCD4100B554B1 /* TicTacToeTests.xctest */;
			productType = "com.apple.product-type.bundle.unit-test";
		};
/* End PBXNativeTarget section */

/* Begin PBXProject section */
		BCBACF6F23ECCD3D00B554B1 /* Project object */ = {
			isa = PBXProject;
			attributes = {
				LastSwiftUpdateCheck = 1130;
				LastUpgradeCheck = 1130;
				ORGANIZATIONNAME = "Santbob Inc";
				TargetAttributes = {
					BCBACF7623ECCD3D00B554B1 = {
						CreatedOnToolsVersion = 11.3.1;
					};
					BCBACF8C23ECCD4100B554B1 = {
						CreatedOnToolsVersion = 11.3.1;
						TestTargetID = BCBACF7623ECCD3D00B554B1;
					};
				};
			};
			buildConfigurationList = BCBACF7223ECCD3D00B554B1 /* Build configuration list for PBXProject "TicTacToe" */;
			compatibilityVersion = "Xcode 9.3";
			developmentRegion = en;
			hasScannedForEncodings = 0;
			knownRegions = (
				en,
				Base,
			);
			mainGroup = BCBACF6E23ECCD3D00B554B1;
			productRefGroup = BCBACF7823ECCD3D00B554B1 /* Products */;
			projectDirPath = "";
			projectRoot = "";
			targets = (
				BCBACF7623ECCD3D00B554B1 /* TicTacToe */,
				BCBACF8C23ECCD4100B554B1 /* TicTacToeTests */,
			);
		};
/* End PBXProject section */

/* Begin PBXResourcesBuildPhase section */
		BCBACF7523ECCD3D00B554B1 /* Resources */ = {
			isa = PBXResourcesBuildPhase;
			buildActionMask = 2147483647;
			files = (
				BCBACF8723ECCD4100B554B1 /* LaunchScreen.storyboard in Resources */,
				BCBACF8423ECCD4100B554B1 /* Assets.xcassets in Resources */,
				BCBACF8223ECCD3D00B554B1 /* Main.storyboard in Resources */,
			);
			runOnlyForDeploymentPostprocessing = 0;
		};
		BCBACF8B23ECCD4100B554B1 /* Resources */ = {
			isa = PBXResourcesBuildPhase;
			buildActionMask = 2147483647;
			files = (
			);
			runOnlyForDeploymentPostprocessing = 0;
		};
/* End PBXResourcesBuildPhase section */

/* Begin PBXSourcesBuildPhase section */
		BCBACF7323ECCD3D00B554B1 /* Sources */ = {
			isa = PBXSourcesBuildPhase;
			buildActionMask = 2147483647;
			files = (
				BCBACF7F23ECCD3D00B554B1 /* ViewController.swift in Sources */,
				BCBACF7B23ECCD3D00B554B1 /* AppDelegate.swift in Sources */,
				BCBACF7D23ECCD3D00B554B1 /* SceneDelegate.swift in Sources */,
			);
			runOnlyForDeploymentPostprocessing = 0;
		};
		BCBACF8923ECCD4100B554B1 /* Sources */ = {
			isa = PBXSourcesBuildPhase;
			buildActionMask = 2147483647;
			files = (
				BCBACF9223ECCD4100B554B1 /* TicTacToeTests.swift in Sources */,
			);
			runOnlyForDeploymentPostprocessing = 0;
		};
/* End PBXSourcesBuildPhase section */

/* Begin PBXTargetDependency section */
		BCBACF8F23ECCD4100B554B1 /* PBXTargetDependency */ = {
			isa = PBXTargetDependency;
			target = BCBACF7623ECCD3D00B554B1 /* TicTacToe */;
			targetProxy = BCBACF8E23ECCD4100B554B1 /* PBXContainerItemProxy */;
		};
/* End PBXTargetDependency section */

/* Begin PBXVariantGroup section */
		BCBACF8023ECCD3D00B554B1 /* Main.storyboard */ = {
			isa = PBXVariantGroup;
			children = (
				BCBACF8123ECCD3D00B554B1 /* Base */,
			);
			name = Main.storyboard;
			sourceTree = "<group>";
		};
		BCBACF8523ECCD4100B554B1 /* LaunchScreen.storyboard */ = {
			isa = PBXVariantGroup;
			children = (
				BCBACF8623ECCD4100B554B1 /* Base */,
			);
			name = LaunchScreen.storyboard;
			sourceTree = "<group>";
		};
/* End PBXVariantGroup section */

/* Begin XCBuildConfiguration section */
		BCBACF9423ECCD4100B554B1 /* Debug */ = {
			isa = XCBuildConfiguration;
			buildSettings = {
				ALWAYS_SEARCH_USER_PATHS = NO;
				CLANG_ANALYZER_NONNULL = YES;
				CLANG_ANALYZER_NUMBER_OBJECT_CONVERSION = YES_AGGRESSIVE;
				CLANG_CXX_LANGUAGE_STANDARD = "gnu++14";
				CLANG_CXX_LIBRARY = "libc++";
				CLANG_ENABLE_MODULES = YES;
				CLANG_ENABLE_OBJC_ARC = YES;
				CLANG_ENABLE_OBJC_WEAK = YES;
				CLANG_WARN_BLOCK_CAPTURE_AUTORELEASING = YES;
				CLANG_WARN_BOOL_CONVERSION = YES;
				CLANG_WARN_COMMA = YES;
				CLANG_WARN_CONSTANT_CONVERSION = YES;
				CLANG_WARN_DEPRECATED_OBJC_IMPLEMENTATIONS = YES;
				CLANG_WARN_DIRECT_OBJC_ISA_USAGE = YES_ERROR;
				CLANG_WARN_DOCUMENTATION_COMMENTS = YES;
				CLANG_WARN_EMPTY_BODY = YES;
				CLANG_WARN_ENUM_CONVERSION = YES;
				CLANG_WARN_INFINITE_RECURSION = YES;
				CLANG_WARN_INT_CONVERSION = YES;
				CLANG_WARN_NON_LITERAL_NULL_CONVERSION = YES;
				CLANG_WARN_OBJC_IMPLICIT_RETAIN_SELF = YES;
				CLANG_WARN_OBJC_LITERAL_CONVERSION = YES;
				CLANG_WARN_OBJC_ROOT_CLASS = YES_ERROR;
				CLANG_WARN_RANGE_LOOP_ANALYSIS = YES;
				CLANG_WARN_STRICT_PROTOTYPES = YES;
				CLANG_WARN_SUSPICIOUS_MOVE = YES;
				CLANG_WARN_UNGUARDED_AVAILABILITY = YES_AGGRESSIVE;
				CLANG_WARN_UNREACHABLE_CODE = YES;
				CLANG_WARN__DUPLICATE_METHOD_MATCH = YES;
				COPY_PHASE_STRIP = NO;
				DEBUG_INFORMATION_FORMAT = dwarf;
				ENABLE_STRICT_OBJC_MSGSEND = YES;
				ENABLE_TESTABILITY = YES;
				GCC_C_LANGUAGE_STANDARD = gnu11;
				GCC_DYNAMIC_NO_PIC = NO;
				GCC_NO_COMMON_BLOCKS = YES;
				GCC_OPTIMIZATION_LEVEL = 0;
				GCC_PREPROCESSOR_DEFINITIONS = (
					"DEBUG=1",
					"$(inherited)",
				);
				GCC_WARN_64_TO_32_BIT_CONVERSION = YES;
				GCC_WARN_ABOUT_RETURN_TYPE = YES_ERROR;
				GCC_WARN_UNDECLARED_SELECTOR = YES;
				GCC_WARN_UNINITIALIZED_AUTOS = YES_AGGRESSIVE;
				GCC_WARN_UNUSED_FUNCTION = YES;
				GCC_WARN_UNUSED_VARIABLE = YES;
				IPHONEOS_DEPLOYMENT_TARGET = 13.2;
				MTL_ENABLE_DEBUG_INFO = INCLUDE_SOURCE;
				MTL_FAST_MATH = YES;
				ONLY_ACTIVE_ARCH = YES;
				SDKROOT = iphoneos;
				SWIFT_ACTIVE_COMPILATION_CONDITIONS = DEBUG;
				SWIFT_OPTIMIZATION_LEVEL = "-Onone";
			};
			name = Debug;
		};
		BCBACF9523ECCD4100B554B1 /* Release */ = {
			isa = XCBuildConfiguration;
			buildSettings = {
				ALWAYS_SEARCH_USER_PATHS = NO;
				CLANG_ANALYZER_NONNULL = YES;
				CLANG_ANALYZER_NUMBER_OBJECT_CONVERSION = YES_AGGRESSIVE;
				CLANG_CXX_LANGUAGE_STANDARD = "gnu++14";
				CLANG_CXX_LIBRARY = "libc++";
				CLANG_ENABLE_MODULES = YES;
				CLANG_ENABLE_OBJC_ARC = YES;
				CLANG_ENABLE_OBJC_WEAK = YES;
				CLANG_WARN_BLOCK_CAPTURE_AUTORELEASING = YES;
				CLANG_WARN_BOOL_CONVERSION = YES;
				CLANG_WARN_COMMA = YES;
				CLANG_WARN_CONSTANT_CONVERSION = YES;
				CLANG_WARN_DEPRECATED_OBJC_IMPLEMENTATIONS = YES;
				CLANG_WARN_DIRECT_OBJC_ISA_USAGE = YES_ERROR;
				CLANG_WARN_DOCUMENTATION_COMMENTS = YES;
				CLANG_WARN_EMPTY_BODY = YES;
				CLANG_WARN_ENUM_CONVERSION = YES;
				CLANG_WARN_INFINITE_RECURSION = YES;
				CLANG_WARN_INT_CONVERSION = YES;
				CLANG_WARN_NON_LITERAL_NULL_CONVERSION = YES;
				CLANG_WARN_OBJC_IMPLICIT_RETAIN_SELF = YES;
				CLANG_WARN_OBJC_LITERAL_CONVERSION = YES;
				CLANG_WARN_OBJC_ROOT_CLASS = YES_ERROR;
				CLANG_WARN_RANGE_LOOP_ANALYSIS = YES;
				CLANG_WARN_STRICT_PROTOTYPES = YES;
				CLANG_WARN_SUSPICIOUS_MOVE = YES;
				CLANG_WARN_UNGUARDED_AVAILABILITY = YES_AGGRESSIVE;
				CLANG_WARN_UNREACHABLE_CODE = YES;
				CLANG_WARN__DUPLICATE_METHOD_MATCH = YES;
				COPY_PHASE_STRIP = NO;
				DEBUG_INFORMATION_FORMAT = "dwarf-with-dsym";
				ENABLE_NS_ASSERTIONS = NO;
				ENABLE_STRICT_OBJC_MSGSEND = YES;
				GCC_C_LANGUAGE_STANDARD = gnu11;
				GCC_NO_COMMON_BLOCKS = YES;
				GCC_WARN_64_TO_32_BIT_CONVERSION = YES;
				GCC_WARN_ABOUT_RETURN_TYPE = YES_ERROR;
				GCC_WARN_UNDECLARED_SELECTOR = YES;
				GCC_WARN_UNINITIALIZED_AUTOS = YES_AGGRESSIVE;
				GCC_WARN_UNUSED_FUNCTION = YES;
				GCC_WARN_UNUSED_VARIABLE = YES;
				IPHONEOS_DEPLOYMENT_TARGET = 13.2;
				MTL_ENABLE_DEBUG_INFO = NO;
				MTL_FAST_MATH = YES;
				SDKROOT = iphoneos;
				SWIFT_COMPILATION_MODE = wholemodule;
				SWIFT_OPTIMIZATION_LEVEL = "-O";
				VALIDATE_PRODUCT = YES;
			};
			name = Release;
		};
		BCBACF9723ECCD4100B554B1 /* Debug */ = {
			isa = XCBuildConfiguration;
			buildSettings = {
				ASSETCATALOG_COMPILER_APPICON_NAME = AppIcon;
				CODE_SIGN_STYLE = Automatic;
				INFOPLIST_FILE = TicTacToe/Info.plist;
				LD_RUNPATH_SEARCH_PATHS = (
					"$(inherited)",
					"@executable_path/Frameworks",
				);
				PRODUCT_BUNDLE_IDENTIFIER = com.santbob.TicTacToe;
				PRODUCT_NAME = "$(TARGET_NAME)";
				SWIFT_VERSION = 5.0;
				TARGETED_DEVICE_FAMILY = "1,2";
			};
			name = Debug;
		};
		BCBACF9823ECCD4100B554B1 /* Release */ = {
			isa = XCBuildConfiguration;
			buildSettings = {
				ASSETCATALOG_COMPILER_APPICON_NAME = AppIcon;
				CODE_SIGN_STYLE = Automatic;
				INFOPLIST_FILE = TicTacToe/Info.plist;
				LD_RUNPATH_SEARCH_PATHS = (
					"$(inherited)",
					"@executable_path/Frameworks",
				);
				PRODUCT_BUNDLE_IDENTIFIER = com.santbob.TicTacToe;
				PRODUCT_NAME = "$(TARGET_NAME)";
				SWIFT_VERSION = 5.0;
				TARGETED_DEVICE_FAMILY = "1,2";
			};
			name = Release;
		};
		BCBACF9A23ECCD4100B554B1 /* Debug */ = {
			isa = XCBuildConfiguration;
			buildSettings = {
				ALWAYS_EMBED_SWIFT_STANDARD_LIBRARIES = YES;
				BUNDLE_LOADER = "$(TEST_HOST)";
				CODE_SIGN_STYLE = Automatic;
				INFOPLIST_FILE = TicTacToeTests/Info.plist;
				IPHONEOS_DEPLOYMENT_TARGET = 13.2;
				LD_RUNPATH_SEARCH_PATHS = (
					"$(inherited)",
					"@executable_path/Frameworks",
					"@loader_path/Frameworks",
				);
				PRODUCT_BUNDLE_IDENTIFIER = com.santbob.TicTacToeTests;
				PRODUCT_NAME = "$(TARGET_NAME)";
				SWIFT_VERSION = 5.0;
				TARGETED_DEVICE_FAMILY = "1,2";
				TEST_HOST = "$(BUILT_PRODUCTS_DIR)/TicTacToe.app/TicTacToe";
			};
			name = Debug;
		};
		BCBACF9B23ECCD4100B554B1 /* Release */ = {
			isa = XCBuildConfiguration;
			buildSettings = {
				ALWAYS_EMBED_SWIFT_STANDARD_LIBRARIES = YES;
				BUNDLE_LOADER = "$(TEST_HOST)";
				CODE_SIGN_STYLE = Automatic;
				INFOPLIST_FILE = TicTacToeTests/Info.plist;
				IPHONEOS_DEPLOYMENT_TARGET = 13.2;
				LD_RUNPATH_SEARCH_PATHS = (
					"$(inherited)",
					"@executable_path/Frameworks",
					"@loader_path/Frameworks",
				);
				PRODUCT_BUNDLE_IDENTIFIER = com.santbob.TicTacToeTests;
				PRODUCT_NAME = "$(TARGET_NAME)";
				SWIFT_VERSION = 5.0;
				TARGETED_DEVICE_FAMILY = "1,2";
				TEST_HOST = "$(BUILT_PRODUCTS_DIR)/TicTacToe.app/TicTacToe";
			};
			name = Release;
		};
/* End XCBuildConfiguration section */

/* Begin XCConfigurationList section */
		BCBACF7223ECCD3D00B554B1 /* Build configuration list for PBXProject "TicTacToe" */ = {
			isa = XCConfigurationList;
			buildConfigurations = (
				BCBACF9423ECCD4100B554B1 /* Debug */,
				BCBACF9523ECCD4100B554B1 /* Release */,
			);
			defaultConfigurationIsVisible = 0;
			defaultConfigurationName = Release;
		};
		BCBACF9623ECCD4100B554B1 /* Build configuration list for PBXNativeTarget "TicTacToe" */ = {
			isa = XCConfigurationList;
			buildConfigurations = (
				BCBACF9723ECCD4100B554B1 /* Debug */,
				BCBACF9823ECCD4100B554B1 /* Release */,
			);
			defaultConfigurationIsVisible = 0;
			defaultConfigurationName = Release;
		};
		BCBACF9923ECCD4100B554B1 /* Build configuration list for PBXNativeTarget "TicTacToeTests" */ = {
			isa = XCConfigurationList;
			buildConfigurations = (
				BCBACF9A23ECCD4100B554B1 /* Debug */,
				BCBACF9B23ECCD4100B554B1 /* Release */,
			);
			defaultConfigurationIsVisible = 0;
			defaultConfigurationName = Release;
		};
/* End XCConfigurationList section */
	};
	rootObject = BCBACF6F23ECCD3D00B554B1 /* Project object */;
}
